// !$*UTF8*$!
{
	archiveVersion = 1;
	classes = {
	};
	objectVersion = 56;
	objects = {

/* Begin PBXBuildFile section */
		38137D702A55BA8A00A687CC /* AppAuth in Frameworks */ = {isa = PBXBuildFile; productRef = 38137D6F2A55BA8A00A687CC /* AppAuth */; };
		38137D722A55D6E200A687CC /* Auth.swift in Sources */ = {isa = PBXBuildFile; fileRef = 38137D712A55D6E200A687CC /* Auth.swift */; };
		38137D772A584D1900A687CC /* Settings.bundle in Resources */ = {isa = PBXBuildFile; fileRef = 38137D762A584D1900A687CC /* Settings.bundle */; };
		388C5D782A6989B600A858D6 /* inter_bold.ttf in Resources */ = {isa = PBXBuildFile; fileRef = 388C5D762A69896300A858D6 /* inter_bold.ttf */; };
		388C5D792A6989B600A858D6 /* inter_regular.ttf in Resources */ = {isa = PBXBuildFile; fileRef = 388C5D772A69896400A858D6 /* inter_regular.ttf */; };
		388C5D7A2A6989B600A858D6 /* inter_medium.ttf in Resources */ = {isa = PBXBuildFile; fileRef = 388C5D752A69896300A858D6 /* inter_medium.ttf */; };
		388C5D7B2A6989B600A858D6 /* inter_light.ttf in Resources */ = {isa = PBXBuildFile; fileRef = 388C5D742A69896300A858D6 /* inter_light.ttf */; };
		833349382A4CCCEE00F464FE /* TiviApp.swift in Sources */ = {isa = PBXBuildFile; fileRef = 833349372A4CCCEE00F464FE /* TiviApp.swift */; };
		8333493A2A4CCCEE00F464FE /* ContentView.swift in Sources */ = {isa = PBXBuildFile; fileRef = 833349392A4CCCEE00F464FE /* ContentView.swift */; };
		8333493C2A4CCCEF00F464FE /* Assets.xcassets in Resources */ = {isa = PBXBuildFile; fileRef = 8333493B2A4CCCEF00F464FE /* Assets.xcassets */; };
		8333493F2A4CCCEF00F464FE /* Preview Assets.xcassets in Resources */ = {isa = PBXBuildFile; fileRef = 8333493E2A4CCCEF00F464FE /* Preview Assets.xcassets */; };
		83AB5FFE2A51F27B007FC216 /* FirebaseCrashlytics in Frameworks */ = {isa = PBXBuildFile; productRef = 83AB5FFD2A51F27B007FC216 /* FirebaseCrashlytics */; };
		83AB60012A51F3FD007FC216 /* FirebaseAnalyticsSwift in Frameworks */ = {isa = PBXBuildFile; productRef = 83AB60002A51F3FD007FC216 /* FirebaseAnalyticsSwift */; };
		83AB60062A520078007FC216 /* GoogleService-Info.plist in Resources */ = {isa = PBXBuildFile; fileRef = 83AB60052A520078007FC216 /* GoogleService-Info.plist */; };
/* End PBXBuildFile section */

/* Begin PBXFileReference section */
		38137D712A55D6E200A687CC /* Auth.swift */ = {isa = PBXFileReference; lastKnownFileType = sourcecode.swift; path = Auth.swift; sourceTree = "<group>"; };
		38137D762A584D1900A687CC /* Settings.bundle */ = {isa = PBXFileReference; lastKnownFileType = "wrapper.plug-in"; path = Settings.bundle; sourceTree = "<group>"; };
		38282FFD2A4F318E00E7929E /* Info.plist */ = {isa = PBXFileReference; lastKnownFileType = text.plist; path = Info.plist; sourceTree = "<group>"; };
		388C5D742A69896300A858D6 /* inter_light.ttf */ = {isa = PBXFileReference; lastKnownFileType = file; name = inter_light.ttf; path = ../../common/ui/resources/fonts/src/commonMain/resources/font/inter_light.ttf; sourceTree = SOURCE_ROOT; };
		388C5D752A69896300A858D6 /* inter_medium.ttf */ = {isa = PBXFileReference; lastKnownFileType = file; name = inter_medium.ttf; path = ../../common/ui/resources/fonts/src/commonMain/resources/font/inter_medium.ttf; sourceTree = SOURCE_ROOT; };
		388C5D762A69896300A858D6 /* inter_bold.ttf */ = {isa = PBXFileReference; lastKnownFileType = file; name = inter_bold.ttf; path = ../../common/ui/resources/fonts/src/commonMain/resources/font/inter_bold.ttf; sourceTree = SOURCE_ROOT; };
		388C5D772A69896400A858D6 /* inter_regular.ttf */ = {isa = PBXFileReference; lastKnownFileType = file; name = inter_regular.ttf; path = ../../common/ui/resources/fonts/src/commonMain/resources/font/inter_regular.ttf; sourceTree = SOURCE_ROOT; };
		833349342A4CCCEE00F464FE /* Tivi dev.app */ = {isa = PBXFileReference; explicitFileType = wrapper.application; includeInIndex = 0; path = "Tivi dev.app"; sourceTree = BUILT_PRODUCTS_DIR; };
		833349372A4CCCEE00F464FE /* TiviApp.swift */ = {isa = PBXFileReference; lastKnownFileType = sourcecode.swift; path = TiviApp.swift; sourceTree = "<group>"; };
		833349392A4CCCEE00F464FE /* ContentView.swift */ = {isa = PBXFileReference; lastKnownFileType = sourcecode.swift; path = ContentView.swift; sourceTree = "<group>"; };
		8333493B2A4CCCEF00F464FE /* Assets.xcassets */ = {isa = PBXFileReference; lastKnownFileType = folder.assetcatalog; path = Assets.xcassets; sourceTree = "<group>"; };
		8333493E2A4CCCEF00F464FE /* Preview Assets.xcassets */ = {isa = PBXFileReference; lastKnownFileType = folder.assetcatalog; path = "Preview Assets.xcassets"; sourceTree = "<group>"; };
		83AB60052A520078007FC216 /* GoogleService-Info.plist */ = {isa = PBXFileReference; lastKnownFileType = text.plist.xml; path = "GoogleService-Info.plist"; sourceTree = "<group>"; };
/* End PBXFileReference section */

/* Begin PBXFrameworksBuildPhase section */
		833349312A4CCCEE00F464FE /* Frameworks */ = {
			isa = PBXFrameworksBuildPhase;
			buildActionMask = 2147483647;
			files = (
				38137D702A55BA8A00A687CC /* AppAuth in Frameworks */,
				83AB60012A51F3FD007FC216 /* FirebaseAnalyticsSwift in Frameworks */,
				83AB5FFE2A51F27B007FC216 /* FirebaseCrashlytics in Frameworks */,
			);
			runOnlyForDeploymentPostprocessing = 0;
		};
/* End PBXFrameworksBuildPhase section */

/* Begin PBXGroup section */
		3882F6342A6162EE00E03704 /* font */ = {
			isa = PBXGroup;
			children = (
				388C5D762A69896300A858D6 /* inter_bold.ttf */,
				388C5D752A69896300A858D6 /* inter_medium.ttf */,
				388C5D772A69896400A858D6 /* inter_regular.ttf */,
				388C5D742A69896300A858D6 /* inter_light.ttf */,
			);
			path = font;
			sourceTree = "<group>";
		};
		8333492B2A4CCCEE00F464FE = {
			isa = PBXGroup;
			children = (
				833349362A4CCCEE00F464FE /* Tivi */,
				38137D762A584D1900A687CC /* Settings.bundle */,
				833349352A4CCCEE00F464FE /* Products */,
				83AB5FFF2A51F3FD007FC216 /* Frameworks */,
			);
			sourceTree = "<group>";
		};
		833349352A4CCCEE00F464FE /* Products */ = {
			isa = PBXGroup;
			children = (
				833349342A4CCCEE00F464FE /* Tivi dev.app */,
			);
			name = Products;
			sourceTree = "<group>";
		};
		833349362A4CCCEE00F464FE /* Tivi */ = {
			isa = PBXGroup;
			children = (
				38282FFD2A4F318E00E7929E /* Info.plist */,
				833349372A4CCCEE00F464FE /* TiviApp.swift */,
				833349392A4CCCEE00F464FE /* ContentView.swift */,
				38137D712A55D6E200A687CC /* Auth.swift */,
				8333493B2A4CCCEF00F464FE /* Assets.xcassets */,
				3882F6342A6162EE00E03704 /* font */,
				8333493D2A4CCCEF00F464FE /* Preview Content */,
				83AB60052A520078007FC216 /* GoogleService-Info.plist */,
			);
			path = Tivi;
			sourceTree = "<group>";
		};
		8333493D2A4CCCEF00F464FE /* Preview Content */ = {
			isa = PBXGroup;
			children = (
				8333493E2A4CCCEF00F464FE /* Preview Assets.xcassets */,
			);
			path = "Preview Content";
			sourceTree = "<group>";
		};
		83AB5FFF2A51F3FD007FC216 /* Frameworks */ = {
			isa = PBXGroup;
			children = (
			);
			name = Frameworks;
			sourceTree = "<group>";
		};
/* End PBXGroup section */

/* Begin PBXNativeTarget section */
		833349332A4CCCEE00F464FE /* Tivi */ = {
			isa = PBXNativeTarget;
			buildConfigurationList = 833349422A4CCCEF00F464FE /* Build configuration list for PBXNativeTarget "Tivi" */;
			buildPhases = (
				833349452A4CCD9F00F464FE /* Build :shared KMP library */,
				833349302A4CCCEE00F464FE /* Sources */,
				833349312A4CCCEE00F464FE /* Frameworks */,
				38137D782A584D5300A687CC /* Update Settings version */,
				833349322A4CCCEE00F464FE /* Resources */,
				83AB60022A51F473007FC216 /* Upload Crashlytics symbols */,
			);
			buildRules = (
			);
			dependencies = (
			);
			name = Tivi;
			packageProductDependencies = (
				83AB5FFD2A51F27B007FC216 /* FirebaseCrashlytics */,
				83AB60002A51F3FD007FC216 /* FirebaseAnalyticsSwift */,
				38137D6F2A55BA8A00A687CC /* AppAuth */,
			);
			productName = Tivi;
			productReference = 833349342A4CCCEE00F464FE /* Tivi dev.app */;
			productType = "com.apple.product-type.application";
		};
/* End PBXNativeTarget section */

/* Begin PBXProject section */
		8333492C2A4CCCEE00F464FE /* Project object */ = {
			isa = PBXProject;
			attributes = {
				BuildIndependentTargetsInParallel = 1;
				LastSwiftUpdateCheck = 1430;
				LastUpgradeCheck = 1430;
				TargetAttributes = {
					833349332A4CCCEE00F464FE = {
						CreatedOnToolsVersion = 14.3.1;
					};
				};
			};
			buildConfigurationList = 8333492F2A4CCCEE00F464FE /* Build configuration list for PBXProject "Tivi" */;
			compatibilityVersion = "Xcode 14.0";
			developmentRegion = en;
			hasScannedForEncodings = 0;
			knownRegions = (
				en,
				Base,
			);
			mainGroup = 8333492B2A4CCCEE00F464FE;
			packageReferences = (
				83AB5FFC2A51F27B007FC216 /* XCRemoteSwiftPackageReference "firebase-ios-sdk" */,
				38137D6E2A55BA8A00A687CC /* XCRemoteSwiftPackageReference "AppAuth-iOS" */,
			);
			productRefGroup = 833349352A4CCCEE00F464FE /* Products */;
			projectDirPath = "";
			projectRoot = "";
			targets = (
				833349332A4CCCEE00F464FE /* Tivi */,
			);
		};
/* End PBXProject section */

/* Begin PBXResourcesBuildPhase section */
		833349322A4CCCEE00F464FE /* Resources */ = {
			isa = PBXResourcesBuildPhase;
			buildActionMask = 2147483647;
			files = (
				38137D772A584D1900A687CC /* Settings.bundle in Resources */,
				8333493F2A4CCCEF00F464FE /* Preview Assets.xcassets in Resources */,
				8333493C2A4CCCEF00F464FE /* Assets.xcassets in Resources */,
				83AB60062A520078007FC216 /* GoogleService-Info.plist in Resources */,
				388C5D7B2A6989B600A858D6 /* inter_light.ttf in Resources */,
				388C5D792A6989B600A858D6 /* inter_regular.ttf in Resources */,
				388C5D7A2A6989B600A858D6 /* inter_medium.ttf in Resources */,
				388C5D782A6989B600A858D6 /* inter_bold.ttf in Resources */,
			);
			runOnlyForDeploymentPostprocessing = 0;
		};
/* End PBXResourcesBuildPhase section */

/* Begin PBXShellScriptBuildPhase section */
		38137D782A584D5300A687CC /* Update Settings version */ = {
			isa = PBXShellScriptBuildPhase;
			buildActionMask = 2147483647;
			files = (
			);
			inputFileListPaths = (
			);
			inputPaths = (
			);
			name = "Update Settings version";
			outputFileListPaths = (
			);
			outputPaths = (
			);
			runOnlyForDeploymentPostprocessing = 0;
			shellPath = /bin/bash;
			shellScript = "version=\"$MARKETING_VERSION ($CURRENT_PROJECT_VERSION)\"\n/usr/libexec/PlistBuddy \"$SRCROOT/Settings.bundle/Root.plist\" -c \"set PreferenceSpecifiers:0:DefaultValue $version\"\n";
		};
		833349452A4CCD9F00F464FE /* Build :shared KMP library */ = {
			isa = PBXShellScriptBuildPhase;
			buildActionMask = 2147483647;
			files = (
			);
			inputFileListPaths = (
			);
			inputPaths = (
			);
			name = "Build :shared KMP library";
			outputFileListPaths = (
			);
			outputPaths = (
			);
			runOnlyForDeploymentPostprocessing = 0;
			shellPath = /bin/sh;
			shellScript = "echo \"Building :shared for $CONFIGURATION\"\n\ncd \"$SRCROOT/../..\"\n\nif [ \"$CONFIGURATION\" = \"QA\" ]; then\n  ./gradlew :shared:embedAndSignAppleFrameworkForXcode --no-configuration-cache\nelse\n  ./gradlew :shared:embedAndSignAppleFrameworkForXcode --no-configuration-cache\nfi\n";
		};
		83AB60022A51F473007FC216 /* Upload Crashlytics symbols */ = {
			isa = PBXShellScriptBuildPhase;
			buildActionMask = 2147483647;
			files = (
			);
			inputFileListPaths = (
			);
			inputPaths = (
				"${DWARF_DSYM_FOLDER_PATH}/${DWARF_DSYM_FILE_NAME}/Contents/Resources/DWARF/${TARGET_NAME}",
				"$(SRCROOT)/$(BUILT_PRODUCTS_DIR)/$(INFOPLIST_PATH)",
			);
			name = "Upload Crashlytics symbols";
			outputFileListPaths = (
			);
			outputPaths = (
			);
			runOnlyForDeploymentPostprocessing = 0;
			shellPath = /bin/sh;
			shellScript = "\"${BUILD_DIR%/Build/*}/SourcePackages/checkouts/firebase-ios-sdk/Crashlytics/run\" || true\n";
		};
/* End PBXShellScriptBuildPhase section */

/* Begin PBXSourcesBuildPhase section */
		833349302A4CCCEE00F464FE /* Sources */ = {
			isa = PBXSourcesBuildPhase;
			buildActionMask = 2147483647;
			files = (
				8333493A2A4CCCEE00F464FE /* ContentView.swift in Sources */,
				38137D722A55D6E200A687CC /* Auth.swift in Sources */,
				833349382A4CCCEE00F464FE /* TiviApp.swift in Sources */,
			);
			runOnlyForDeploymentPostprocessing = 0;
		};
/* End PBXSourcesBuildPhase section */

/* Begin XCBuildConfiguration section */
		833349402A4CCCEF00F464FE /* Debug */ = {
			isa = XCBuildConfiguration;
			buildSettings = {
				ALWAYS_SEARCH_USER_PATHS = NO;
				CLANG_ANALYZER_NONNULL = YES;
				CLANG_ANALYZER_NUMBER_OBJECT_CONVERSION = YES_AGGRESSIVE;
				CLANG_CXX_LANGUAGE_STANDARD = "gnu++20";
				CLANG_ENABLE_MODULES = YES;
				CLANG_ENABLE_OBJC_ARC = YES;
				CLANG_ENABLE_OBJC_WEAK = YES;
				CLANG_WARN_BLOCK_CAPTURE_AUTORELEASING = YES;
				CLANG_WARN_BOOL_CONVERSION = YES;
				CLANG_WARN_COMMA = YES;
				CLANG_WARN_CONSTANT_CONVERSION = YES;
				CLANG_WARN_DEPRECATED_OBJC_IMPLEMENTATIONS = YES;
				CLANG_WARN_DIRECT_OBJC_ISA_USAGE = YES_ERROR;
				CLANG_WARN_DOCUMENTATION_COMMENTS = YES;
				CLANG_WARN_EMPTY_BODY = YES;
				CLANG_WARN_ENUM_CONVERSION = YES;
				CLANG_WARN_INFINITE_RECURSION = YES;
				CLANG_WARN_INT_CONVERSION = YES;
				CLANG_WARN_NON_LITERAL_NULL_CONVERSION = YES;
				CLANG_WARN_OBJC_IMPLICIT_RETAIN_SELF = YES;
				CLANG_WARN_OBJC_LITERAL_CONVERSION = YES;
				CLANG_WARN_OBJC_ROOT_CLASS = YES_ERROR;
				CLANG_WARN_QUOTED_INCLUDE_IN_FRAMEWORK_HEADER = YES;
				CLANG_WARN_RANGE_LOOP_ANALYSIS = YES;
				CLANG_WARN_STRICT_PROTOTYPES = YES;
				CLANG_WARN_SUSPICIOUS_MOVE = YES;
				CLANG_WARN_UNGUARDED_AVAILABILITY = YES_AGGRESSIVE;
				CLANG_WARN_UNREACHABLE_CODE = YES;
				CLANG_WARN__DUPLICATE_METHOD_MATCH = YES;
				COPY_PHASE_STRIP = NO;
				DEBUG_INFORMATION_FORMAT = dwarf;
				ENABLE_STRICT_OBJC_MSGSEND = YES;
				ENABLE_TESTABILITY = YES;
				GCC_C_LANGUAGE_STANDARD = gnu11;
				GCC_DYNAMIC_NO_PIC = NO;
				GCC_NO_COMMON_BLOCKS = YES;
				GCC_OPTIMIZATION_LEVEL = 0;
				GCC_PREPROCESSOR_DEFINITIONS = (
					"DEBUG=1",
					"$(inherited)",
				);
				GCC_WARN_64_TO_32_BIT_CONVERSION = YES;
				GCC_WARN_ABOUT_RETURN_TYPE = YES_ERROR;
				GCC_WARN_UNDECLARED_SELECTOR = YES;
				GCC_WARN_UNINITIALIZED_AUTOS = YES_AGGRESSIVE;
				GCC_WARN_UNUSED_FUNCTION = YES;
				GCC_WARN_UNUSED_VARIABLE = YES;
				IPHONEOS_DEPLOYMENT_TARGET = 15.0;
				MTL_ENABLE_DEBUG_INFO = INCLUDE_SOURCE;
				MTL_FAST_MATH = YES;
				ONLY_ACTIVE_ARCH = YES;
				SDKROOT = iphoneos;
				SWIFT_ACTIVE_COMPILATION_CONDITIONS = DEBUG;
				SWIFT_OPTIMIZATION_LEVEL = "-Onone";
			};
			name = Debug;
		};
		833349412A4CCCEF00F464FE /* Release */ = {
			isa = XCBuildConfiguration;
			buildSettings = {
				ALWAYS_SEARCH_USER_PATHS = NO;
				CLANG_ANALYZER_NONNULL = YES;
				CLANG_ANALYZER_NUMBER_OBJECT_CONVERSION = YES_AGGRESSIVE;
				CLANG_CXX_LANGUAGE_STANDARD = "gnu++20";
				CLANG_ENABLE_MODULES = YES;
				CLANG_ENABLE_OBJC_ARC = YES;
				CLANG_ENABLE_OBJC_WEAK = YES;
				CLANG_WARN_BLOCK_CAPTURE_AUTORELEASING = YES;
				CLANG_WARN_BOOL_CONVERSION = YES;
				CLANG_WARN_COMMA = YES;
				CLANG_WARN_CONSTANT_CONVERSION = YES;
				CLANG_WARN_DEPRECATED_OBJC_IMPLEMENTATIONS = YES;
				CLANG_WARN_DIRECT_OBJC_ISA_USAGE = YES_ERROR;
				CLANG_WARN_DOCUMENTATION_COMMENTS = YES;
				CLANG_WARN_EMPTY_BODY = YES;
				CLANG_WARN_ENUM_CONVERSION = YES;
				CLANG_WARN_INFINITE_RECURSION = YES;
				CLANG_WARN_INT_CONVERSION = YES;
				CLANG_WARN_NON_LITERAL_NULL_CONVERSION = YES;
				CLANG_WARN_OBJC_IMPLICIT_RETAIN_SELF = YES;
				CLANG_WARN_OBJC_LITERAL_CONVERSION = YES;
				CLANG_WARN_OBJC_ROOT_CLASS = YES_ERROR;
				CLANG_WARN_QUOTED_INCLUDE_IN_FRAMEWORK_HEADER = YES;
				CLANG_WARN_RANGE_LOOP_ANALYSIS = YES;
				CLANG_WARN_STRICT_PROTOTYPES = YES;
				CLANG_WARN_SUSPICIOUS_MOVE = YES;
				CLANG_WARN_UNGUARDED_AVAILABILITY = YES_AGGRESSIVE;
				CLANG_WARN_UNREACHABLE_CODE = YES;
				CLANG_WARN__DUPLICATE_METHOD_MATCH = YES;
				COPY_PHASE_STRIP = NO;
				DEBUG_INFORMATION_FORMAT = "dwarf-with-dsym";
				ENABLE_NS_ASSERTIONS = NO;
				ENABLE_STRICT_OBJC_MSGSEND = YES;
				GCC_C_LANGUAGE_STANDARD = gnu11;
				GCC_NO_COMMON_BLOCKS = YES;
				GCC_WARN_64_TO_32_BIT_CONVERSION = YES;
				GCC_WARN_ABOUT_RETURN_TYPE = YES_ERROR;
				GCC_WARN_UNDECLARED_SELECTOR = YES;
				GCC_WARN_UNINITIALIZED_AUTOS = YES_AGGRESSIVE;
				GCC_WARN_UNUSED_FUNCTION = YES;
				GCC_WARN_UNUSED_VARIABLE = YES;
				IPHONEOS_DEPLOYMENT_TARGET = 15.0;
				MTL_ENABLE_DEBUG_INFO = NO;
				MTL_FAST_MATH = YES;
				SDKROOT = iphoneos;
				SWIFT_COMPILATION_MODE = wholemodule;
				SWIFT_OPTIMIZATION_LEVEL = "-O";
				VALIDATE_PRODUCT = YES;
			};
			name = Release;
		};
		833349432A4CCCEF00F464FE /* Debug */ = {
			isa = XCBuildConfiguration;
			buildSettings = {
				ASSETCATALOG_COMPILER_APPICON_NAME = AppIcon;
				ASSETCATALOG_COMPILER_GLOBAL_ACCENT_COLOR_NAME = AccentColor;
				CODE_SIGN_IDENTITY = "Apple Development";
				CODE_SIGN_STYLE = Automatic;
				CURRENT_PROJECT_VERSION = 1000;
				DEBUG_INFORMATION_FORMAT = dwarf;
				DEVELOPMENT_ASSET_PATHS = "\"Tivi/Preview Content\"";
				DEVELOPMENT_TEAM = GLF74Y6P9T;
				ENABLE_PREVIEWS = YES;
				FRAMEWORK_SEARCH_PATHS = "$(SRCROOT)/../../shared/build/xcode-frameworks/$(CONFIGURATION)/$(SDK_NAME)";
				GENERATE_INFOPLIST_FILE = YES;
				INFOPLIST_FILE = Tivi/Info.plist;
				INFOPLIST_KEY_LSApplicationCategoryType = "";
				INFOPLIST_KEY_UIApplicationSceneManifest_Generation = YES;
				INFOPLIST_KEY_UIApplicationSupportsIndirectInputEvents = YES;
				INFOPLIST_KEY_UILaunchScreen_Generation = YES;
				INFOPLIST_KEY_UISupportedInterfaceOrientations_iPad = "UIInterfaceOrientationPortrait UIInterfaceOrientationPortraitUpsideDown UIInterfaceOrientationLandscapeLeft UIInterfaceOrientationLandscapeRight";
				INFOPLIST_KEY_UISupportedInterfaceOrientations_iPhone = "UIInterfaceOrientationPortrait UIInterfaceOrientationLandscapeLeft UIInterfaceOrientationLandscapeRight";
				IPHONEOS_DEPLOYMENT_TARGET = 15.0;
				LD_RUNPATH_SEARCH_PATHS = (
					"$(inherited)",
					"@executable_path/Frameworks",
				);
				MARKETING_VERSION = 1.0;
				OTHER_LDFLAGS = (
					"$(inherited)",
					"-framework",
					TiviKt,
					"-lsqlite3",
				);
				PRODUCT_BUNDLE_IDENTIFIER = app.tivi.dev;
				PRODUCT_NAME = "$(TARGET_NAME) dev";
				PROVISIONING_PROFILE_SPECIFIER = "";
				SWIFT_EMIT_LOC_STRINGS = YES;
				SWIFT_VERSION = 5.0;
				TARGETED_DEVICE_FAMILY = "1,2";
			};
			name = Debug;
		};
		833349442A4CCCEF00F464FE /* Release */ = {
			isa = XCBuildConfiguration;
			buildSettings = {
				ASSETCATALOG_COMPILER_APPICON_NAME = AppIcon;
				ASSETCATALOG_COMPILER_GLOBAL_ACCENT_COLOR_NAME = AccentColor;
				CODE_SIGN_IDENTITY = "Apple Development";
				"CODE_SIGN_IDENTITY[sdk=iphoneos*]" = "iPhone Distribution";
				CODE_SIGN_STYLE = Manual;
				CURRENT_PROJECT_VERSION = 1000;
				DEVELOPMENT_ASSET_PATHS = "\"Tivi/Preview Content\"";
				DEVELOPMENT_TEAM = "";
				"DEVELOPMENT_TEAM[sdk=iphoneos*]" = GLF74Y6P9T;
				ENABLE_PREVIEWS = YES;
				FRAMEWORK_SEARCH_PATHS = "$(SRCROOT)/../../shared/build/xcode-frameworks/$(CONFIGURATION)/$(SDK_NAME)";
				GENERATE_INFOPLIST_FILE = YES;
				INFOPLIST_FILE = Tivi/Info.plist;
				INFOPLIST_KEY_LSApplicationCategoryType = "";
				INFOPLIST_KEY_UIApplicationSceneManifest_Generation = YES;
				INFOPLIST_KEY_UIApplicationSupportsIndirectInputEvents = YES;
				INFOPLIST_KEY_UILaunchScreen_Generation = YES;
				INFOPLIST_KEY_UISupportedInterfaceOrientations_iPad = "UIInterfaceOrientationPortrait UIInterfaceOrientationPortraitUpsideDown UIInterfaceOrientationLandscapeLeft UIInterfaceOrientationLandscapeRight";
				INFOPLIST_KEY_UISupportedInterfaceOrientations_iPhone = "UIInterfaceOrientationPortrait UIInterfaceOrientationLandscapeLeft UIInterfaceOrientationLandscapeRight";
				IPHONEOS_DEPLOYMENT_TARGET = 15.0;
				LD_RUNPATH_SEARCH_PATHS = (
					"$(inherited)",
					"@executable_path/Frameworks",
				);
				MARKETING_VERSION = 1.0;
				OTHER_LDFLAGS = (
					"$(inherited)",
					"-framework",
					TiviKt,
					"-lsqlite3",
				);
				PRODUCT_BUNDLE_IDENTIFIER = app.tivi.client;
				PRODUCT_NAME = "$(TARGET_NAME)";
				PROVISIONING_PROFILE_SPECIFIER = "";
				"PROVISIONING_PROFILE_SPECIFIER[sdk=iphoneos*]" = "match AppStore app.tivi.client 1693989059";
				SWIFT_EMIT_LOC_STRINGS = YES;
				SWIFT_OPTIMIZATION_LEVEL = "-O";
				SWIFT_VERSION = 5.0;
				TARGETED_DEVICE_FAMILY = "1,2";
			};
			name = Release;
		};
		8350EE502AA8676800B6F51F /* QA */ = {
			isa = XCBuildConfiguration;
			buildSettings = {
				ALWAYS_SEARCH_USER_PATHS = NO;
				CLANG_ANALYZER_NONNULL = YES;
				CLANG_ANALYZER_NUMBER_OBJECT_CONVERSION = YES_AGGRESSIVE;
				CLANG_CXX_LANGUAGE_STANDARD = "gnu++20";
				CLANG_ENABLE_MODULES = YES;
				CLANG_ENABLE_OBJC_ARC = YES;
				CLANG_ENABLE_OBJC_WEAK = YES;
				CLANG_WARN_BLOCK_CAPTURE_AUTORELEASING = YES;
				CLANG_WARN_BOOL_CONVERSION = YES;
				CLANG_WARN_COMMA = YES;
				CLANG_WARN_CONSTANT_CONVERSION = YES;
				CLANG_WARN_DEPRECATED_OBJC_IMPLEMENTATIONS = YES;
				CLANG_WARN_DIRECT_OBJC_ISA_USAGE = YES_ERROR;
				CLANG_WARN_DOCUMENTATION_COMMENTS = YES;
				CLANG_WARN_EMPTY_BODY = YES;
				CLANG_WARN_ENUM_CONVERSION = YES;
				CLANG_WARN_INFINITE_RECURSION = YES;
				CLANG_WARN_INT_CONVERSION = YES;
				CLANG_WARN_NON_LITERAL_NULL_CONVERSION = YES;
				CLANG_WARN_OBJC_IMPLICIT_RETAIN_SELF = YES;
				CLANG_WARN_OBJC_LITERAL_CONVERSION = YES;
				CLANG_WARN_OBJC_ROOT_CLASS = YES_ERROR;
				CLANG_WARN_QUOTED_INCLUDE_IN_FRAMEWORK_HEADER = YES;
				CLANG_WARN_RANGE_LOOP_ANALYSIS = YES;
				CLANG_WARN_STRICT_PROTOTYPES = YES;
				CLANG_WARN_SUSPICIOUS_MOVE = YES;
				CLANG_WARN_UNGUARDED_AVAILABILITY = YES_AGGRESSIVE;
				CLANG_WARN_UNREACHABLE_CODE = YES;
				CLANG_WARN__DUPLICATE_METHOD_MATCH = YES;
				COPY_PHASE_STRIP = NO;
				DEBUG_INFORMATION_FORMAT = "dwarf-with-dsym";
				ENABLE_NS_ASSERTIONS = NO;
				ENABLE_STRICT_OBJC_MSGSEND = YES;
				GCC_C_LANGUAGE_STANDARD = gnu11;
				GCC_NO_COMMON_BLOCKS = YES;
				GCC_WARN_64_TO_32_BIT_CONVERSION = YES;
				GCC_WARN_ABOUT_RETURN_TYPE = YES_ERROR;
				GCC_WARN_UNDECLARED_SELECTOR = YES;
				GCC_WARN_UNINITIALIZED_AUTOS = YES_AGGRESSIVE;
				GCC_WARN_UNUSED_FUNCTION = YES;
				GCC_WARN_UNUSED_VARIABLE = YES;
				IPHONEOS_DEPLOYMENT_TARGET = 15.0;
				MTL_ENABLE_DEBUG_INFO = NO;
				MTL_FAST_MATH = YES;
				SDKROOT = iphoneos;
				SWIFT_COMPILATION_MODE = wholemodule;
				SWIFT_OPTIMIZATION_LEVEL = "-O";
				VALIDATE_PRODUCT = YES;
			};
			name = QA;
		};
		8350EE512AA8676800B6F51F /* QA */ = {
			isa = XCBuildConfiguration;
			buildSettings = {
				ASSETCATALOG_COMPILER_APPICON_NAME = AppIcon;
				ASSETCATALOG_COMPILER_GLOBAL_ACCENT_COLOR_NAME = AccentColor;
				CODE_SIGN_IDENTITY = "Apple Development";
				"CODE_SIGN_IDENTITY[sdk=iphoneos*]" = "iPhone Distribution";
				CODE_SIGN_STYLE = Manual;
				CURRENT_PROJECT_VERSION = 1000;
				DEVELOPMENT_ASSET_PATHS = "\"Tivi/Preview Content\"";
				DEVELOPMENT_TEAM = "";
				"DEVELOPMENT_TEAM[sdk=iphoneos*]" = GLF74Y6P9T;
				ENABLE_PREVIEWS = YES;
				FRAMEWORK_SEARCH_PATHS = "$(SRCROOT)/../../shared/build/xcode-frameworks/$(CONFIGURATION)/$(SDK_NAME)";
				GENERATE_INFOPLIST_FILE = YES;
				INFOPLIST_FILE = Tivi/Info.plist;
				INFOPLIST_KEY_LSApplicationCategoryType = "";
				INFOPLIST_KEY_UIApplicationSceneManifest_Generation = YES;
				INFOPLIST_KEY_UIApplicationSupportsIndirectInputEvents = YES;
				INFOPLIST_KEY_UILaunchScreen_Generation = YES;
				INFOPLIST_KEY_UISupportedInterfaceOrientations_iPad = "UIInterfaceOrientationPortrait UIInterfaceOrientationPortraitUpsideDown UIInterfaceOrientationLandscapeLeft UIInterfaceOrientationLandscapeRight";
				INFOPLIST_KEY_UISupportedInterfaceOrientations_iPhone = "UIInterfaceOrientationPortrait UIInterfaceOrientationLandscapeLeft UIInterfaceOrientationLandscapeRight";
				IPHONEOS_DEPLOYMENT_TARGET = 15.0;
				LD_RUNPATH_SEARCH_PATHS = (
					"$(inherited)",
					"@executable_path/Frameworks",
				);
				MARKETING_VERSION = 1.0;
				OTHER_LDFLAGS = (
					"$(inherited)",
					"-framework",
					TiviKt,
					"-lsqlite3",
				);
				PRODUCT_BUNDLE_IDENTIFIER = app.tivi.qa;
				PRODUCT_NAME = "$(TARGET_NAME)";
				PROVISIONING_PROFILE_SPECIFIER = "";
				"PROVISIONING_PROFILE_SPECIFIER[sdk=iphoneos*]" = "match AppStore app.tivi.qa";
				SWIFT_EMIT_LOC_STRINGS = YES;
				SWIFT_OPTIMIZATION_LEVEL = "-O";
				SWIFT_VERSION = 5.0;
				TARGETED_DEVICE_FAMILY = "1,2";
			};
			name = QA;
		};
/* End XCBuildConfiguration section */

/* Begin XCConfigurationList section */
		8333492F2A4CCCEE00F464FE /* Build configuration list for PBXProject "Tivi" */ = {
			isa = XCConfigurationList;
			buildConfigurations = (
				833349402A4CCCEF00F464FE /* Debug */,
				833349412A4CCCEF00F464FE /* Release */,
				8350EE502AA8676800B6F51F /* QA */,
			);
			defaultConfigurationIsVisible = 0;
			defaultConfigurationName = Release;
		};
		833349422A4CCCEF00F464FE /* Build configuration list for PBXNativeTarget "Tivi" */ = {
			isa = XCConfigurationList;
			buildConfigurations = (
				833349432A4CCCEF00F464FE /* Debug */,
				833349442A4CCCEF00F464FE /* Release */,
				8350EE512AA8676800B6F51F /* QA */,
			);
			defaultConfigurationIsVisible = 0;
			defaultConfigurationName = Release;
		};
/* End XCConfigurationList section */

/* Begin XCRemoteSwiftPackageReference section */
		38137D6E2A55BA8A00A687CC /* XCRemoteSwiftPackageReference "AppAuth-iOS" */ = {
			isa = XCRemoteSwiftPackageReference;
			repositoryURL = "https://github.com/openid/AppAuth-iOS.git";
			requirement = {
				kind = exactVersion;
				version = 1.6.2;
			};
		};
		83AB5FFC2A51F27B007FC216 /* XCRemoteSwiftPackageReference "firebase-ios-sdk" */ = {
			isa = XCRemoteSwiftPackageReference;
			repositoryURL = "https://github.com/firebase/firebase-ios-sdk";
			requirement = {
				kind = upToNextMajorVersion;
				minimumVersion = 9.0.0;
			};
		};
/* End XCRemoteSwiftPackageReference section */

/* Begin XCSwiftPackageProductDependency section */
		38137D6F2A55BA8A00A687CC /* AppAuth */ = {
			isa = XCSwiftPackageProductDependency;
			package = 38137D6E2A55BA8A00A687CC /* XCRemoteSwiftPackageReference "AppAuth-iOS" */;
			productName = AppAuth;
		};
		83AB5FFD2A51F27B007FC216 /* FirebaseCrashlytics */ = {
			isa = XCSwiftPackageProductDependency;
			package = 83AB5FFC2A51F27B007FC216 /* XCRemoteSwiftPackageReference "firebase-ios-sdk" */;
			productName = FirebaseCrashlytics;
		};
		83AB60002A51F3FD007FC216 /* FirebaseAnalyticsSwift */ = {
			isa = XCSwiftPackageProductDependency;
			package = 83AB5FFC2A51F27B007FC216 /* XCRemoteSwiftPackageReference "firebase-ios-sdk" */;
			productName = FirebaseAnalyticsSwift;
		};
/* End XCSwiftPackageProductDependency section */
	};
	rootObject = 8333492C2A4CCCEE00F464FE /* Project object */;
}
